github.com/aahaansingh/hugo-theme-til v0.0.0-20251219195852-eda26495926e h1:+3yKDuMkDJYgE3RUdoHkv51Sn7GsRTnAnBKolu68d9Q=
github.com/aahaansingh/hugo-theme-til v0.0.0-20251219195852-eda26495926e/go.mod h1:4k61v3RVXu/fgQQOsn0FI23zAQwI2V4oQku1NlaHT4E=
github.com/aahaansingh/hugo-theme-til v0.0.0-20260107205922-937c1b9874d1 h1:6CmBLD14WPPSRp8X8hbsIOC0yWnceAZOHWWd5lORe8U=
github.com/aahaansingh/hugo-theme-til v0.0.0-20260107205922-937c1b9874d1/go.mod h1:4k61v3RVXu/fgQQOsn0FI23zAQwI2V4oQku1NlaHT4E=
