github.com/aahaansingh/hugo-theme-til v0.0.0-20251219195852-eda26495926e h1:+3yKDuMkDJYgE3RUdoHkv51Sn7GsRTnAnBKolu68d9Q=
github.com/aahaansingh/hugo-theme-til v0.0.0-20251219195852-eda26495926e/go.mod h1:4k61v3RVXu/fgQQOsn0FI23zAQwI2V4oQku1NlaHT4E=
github.com/michenriksen/hugo-theme-til v0.6.0 h1:ET/BWL1BTe8T46j/86PHyouiChMI08GPzSa7z8VufIg=
github.com/michenriksen/hugo-theme-til v0.6.0/go.mod h1:t9bPWV70WG1Xq6XNR15QJXvLN4XECyFZDBc44ixKg1s=
