github.com/aahaansingh/hugo-theme-til v0.0.0-20251219195852-eda26495926e h1:+3yKDuMkDJYgE3RUdoHkv51Sn7GsRTnAnBKolu68d9Q=
github.com/aahaansingh/hugo-theme-til v0.0.0-20251219195852-eda26495926e/go.mod h1:4k61v3RVXu/fgQQOsn0FI23zAQwI2V4oQku1NlaHT4E=
github.com/aahaansingh/hugo-theme-til v0.0.0-20260107205922-937c1b9874d1 h1:6CmBLD14WPPSRp8X8hbsIOC0yWnceAZOHWWd5lORe8U=
github.com/aahaansingh/hugo-theme-til v0.0.0-20260107205922-937c1b9874d1/go.mod h1:4k61v3RVXu/fgQQOsn0FI23zAQwI2V4oQku1NlaHT4E=
github.com/aahaansingh/hugo-theme-til v0.0.0-20260410013442-83fd5ccc13aa h1:oDdMBdV6WE8zdfhGT+kSMt+4TjmeQuvdPg4es/dPy6A=
github.com/aahaansingh/hugo-theme-til v0.0.0-20260410013442-83fd5ccc13aa/go.mod h1:4k61v3RVXu/fgQQOsn0FI23zAQwI2V4oQku1NlaHT4E=
github.com/aahaansingh/hugo-theme-til v0.0.0-20260410022053-97a6b5edfb93 h1:88PBj4vObR4eCFqddIVCg5Gqs12PfGy2G9CIOoFfDXc=
github.com/aahaansingh/hugo-theme-til v0.0.0-20260410022053-97a6b5edfb93/go.mod h1:4k61v3RVXu/fgQQOsn0FI23zAQwI2V4oQku1NlaHT4E=
github.com/aahaansingh/hugo-theme-til v0.0.0-20260412052000-562c3d3613cc h1:re2Fr8qQVJIjoOSmkWtLCST5ZnbAZfbxvlzdwy2meTE=
github.com/aahaansingh/hugo-theme-til v0.0.0-20260412052000-562c3d3613cc/go.mod h1:4k61v3RVXu/fgQQOsn0FI23zAQwI2V4oQku1NlaHT4E=
